
Microsoft Visual Studio Solution File, Format Version 12.00
# Visual Studio Version 17
VisualStudioVersion = 17.11.35327.3
MinimumVisualStudioVersion = 10.0.40219.1
Project("{FAE04EC0-301F-11D3-BF4B-00C04F79EFBC}") = "CortriumBLE", "CortriumBLE.csproj", "{15525002-A5D3-4F72-AB46-E6C405CE96A5}"
EndProject
Global
	GlobalSection(SolutionConfigurationPlatforms) = preSolution
		Debug|Any CPU = Debug|Any CPU
		Release|Any CPU = Release|Any CPU
	EndGlobalSection
	GlobalSection(ProjectConfigurationPlatforms) = postSolution
		{15525002-A5D3-4F72-AB46-E6C405CE96A5}.Debug|Any CPU.ActiveCfg = Debug|Any CPU
		{15525002-A5D3-4F72-AB46-E6C405CE96A5}.Debug|Any CPU.Build.0 = Debug|Any CPU
		{15525002-A5D3-4F72-AB46-E6C405CE96A5}.Debug|Any CPU.Deploy.0 = Debug|Any CPU
		{15525002-A5D3-4F72-AB46-E6C405CE96A5}.Release|Any CPU.ActiveCfg = Release|Any CPU
		{15525002-A5D3-4F72-AB46-E6C405CE96A5}.Release|Any CPU.Build.0 = Release|Any CPU
		{15525002-A5D3-4F72-AB46-E6C405CE96A5}.Release|Any CPU.Deploy.0 = Release|Any CPU
	EndGlobalSection
	GlobalSection(SolutionProperties) = preSolution
		HideSolutionNode = FALSE
	EndGlobalSection
	GlobalSection(ExtensibilityGlobals) = postSolution
		SolutionGuid = {06F2A6E4-F1AD-4278-943A-4B8E7479D64C}
	EndGlobalSection
EndGlobal
